<?xml version="1.0" encoding="utf-8"?>
<Project ToolsVersion="4.0" xmlns="http://schemas.microsoft.com/developer/msbuild/2003">
  <ItemGroup>
    <CudaCompile Include="vulkanCUDASinewave.cu" />
  </ItemGroup>
  <ItemGroup>
    <ClInclude Include="linmath.h" />
    <ClInclude Include="OBJLoader.h" />
    <ClInclude Include="Vertex.h" />
    <ClInclude Include="vector3d.h" />
  </ItemGroup>
  <ItemGroup>
    <Filter Include="Shaders">
      <UniqueIdentifier>{5cf651d6-f5ca-4188-8c6a-1ffb954ef3b0}</UniqueIdentifier>
    </Filter>
  </ItemGroup>
  <ItemGroup>
    <None Include="shader_sine.frag">
      <Filter>Shaders</Filter>
    </None>
    <None Include="shader_sine.vert">
      <Filter>Shaders</Filter>
    </None>
  </ItemGroup>
  <ItemGroup>
    <ClCompile Include="OBJLoader.cpp" />
    <ClCompile Include="vector3d.cpp" />
  </ItemGroup>
</Project>